
Microsoft Visual Studio Solution File, Format Version 12.00
# Visual Studio Version 17
VisualStudioVersion = 17.10.35004.147
MinimumVisualStudioVersion = 10.0.40219.1
Project("{FAE04EC0-301F-11D3-BF4B-00C04F79EFBC}") = "UserManager", "UserManager.csproj", "{92D9AF12-FAB6-4F2E-B914-091B0D1339CD}"
EndProject
Global
	GlobalSection(SolutionConfigurationPlatforms) = preSolution
		Debug|Any CPU = Debug|Any CPU
		Release|Any CPU = Release|Any CPU
	EndGlobalSection
	GlobalSection(ProjectConfigurationPlatforms) = postSolution
		{92D9AF12-FAB6-4F2E-B914-091B0D1339CD}.Debug|Any CPU.ActiveCfg = Debug|Any CPU
		{92D9AF12-FAB6-4F2E-B914-091B0D1339CD}.Debug|Any CPU.Build.0 = Debug|Any CPU
		{92D9AF12-FAB6-4F2E-B914-091B0D1339CD}.Release|Any CPU.ActiveCfg = Release|Any CPU
		{92D9AF12-FAB6-4F2E-B914-091B0D1339CD}.Release|Any CPU.Build.0 = Release|Any CPU
	EndGlobalSection
	GlobalSection(SolutionProperties) = preSolution
		HideSolutionNode = FALSE
	EndGlobalSection
	GlobalSection(ExtensibilityGlobals) = postSolution
		SolutionGuid = {F0D57E4A-FB23-4FDC-9D52-D3F67838A3A5}
	EndGlobalSection
EndGlobal
